// !$*UTF8*$!
{
	archiveVersion = 1;
	classes = {
	};
	objectVersion = 46;
	objects = {

/* Begin PBXBuildFile section */
		B8771AFA1C0976200051DE9D /* main.m in Sources */ = {isa = PBXBuildFile; fileRef = B8771AF91C0976200051DE9D /* main.m */; };
		B8771AFD1C0976200051DE9D /* AppDelegate.m in Sources */ = {isa = PBXBuildFile; fileRef = B8771AFC1C0976200051DE9D /* AppDelegate.m */; };
		B8771B001C0976200051DE9D /* RootViewController.m in Sources */ = {isa = PBXBuildFile; fileRef = B8771AFF1C0976200051DE9D /* RootViewController.m */; };
		B8771B031C0976200051DE9D /* DataViewController.m in Sources */ = {isa = PBXBuildFile; fileRef = B8771B021C0976200051DE9D /* DataViewController.m */; };
		B8771B061C0976200051DE9D /* ModelController.m in Sources */ = {isa = PBXBuildFile; fileRef = B8771B051C0976200051DE9D /* ModelController.m */; };
		B8771B091C0976200051DE9D /* Main.storyboard in Resources */ = {isa = PBXBuildFile; fileRef = B8771B071C0976200051DE9D /* Main.storyboard */; };
		B8771B0B1C0976200051DE9D /* Assets.xcassets in Resources */ = {isa = PBXBuildFile; fileRef = B8771B0A1C0976200051DE9D /* Assets.xcassets */; };
		B8771B0E1C0976200051DE9D /* LaunchScreen.storyboard in Resources */ = {isa = PBXBuildFile; fileRef = B8771B0C1C0976200051DE9D /* LaunchScreen.storyboard */; };
/* End PBXBuildFile section */

/* Begin PBXFileReference section */
		B8771AF51C0976200051DE9D /* Headmaster.app */ = {isa = PBXFileReference; explicitFileType = wrapper.application; includeInIndex = 0; path = Headmaster.app; sourceTree = BUILT_PRODUCTS_DIR; };
		B8771AF91C0976200051DE9D /* main.m */ = {isa = PBXFileReference; lastKnownFileType = sourcecode.c.objc; path = main.m; sourceTree = "<group>"; };
		B8771AFB1C0976200051DE9D /* AppDelegate.h */ = {isa = PBXFileReference; lastKnownFileType = sourcecode.c.h; path = AppDelegate.h; sourceTree = "<group>"; };
		B8771AFC1C0976200051DE9D /* AppDelegate.m */ = {isa = PBXFileReference; lastKnownFileType = sourcecode.c.objc; path = AppDelegate.m; sourceTree = "<group>"; };
		B8771AFE1C0976200051DE9D /* RootViewController.h */ = {isa = PBXFileReference; lastKnownFileType = sourcecode.c.h; path = RootViewController.h; sourceTree = "<group>"; };
		B8771AFF1C0976200051DE9D /* RootViewController.m */ = {isa = PBXFileReference; lastKnownFileType = sourcecode.c.objc; path = RootViewController.m; sourceTree = "<group>"; };
		B8771B011C0976200051DE9D /* DataViewController.h */ = {isa = PBXFileReference; lastKnownFileType = sourcecode.c.h; path = DataViewController.h; sourceTree = "<group>"; };
		B8771B021C0976200051DE9D /* DataViewController.m */ = {isa = PBXFileReference; lastKnownFileType = sourcecode.c.objc; path = DataViewController.m; sourceTree = "<group>"; };
		B8771B041C0976200051DE9D /* ModelController.h */ = {isa = PBXFileReference; lastKnownFileType = sourcecode.c.h; path = ModelController.h; sourceTree = "<group>"; };
		B8771B051C0976200051DE9D /* ModelController.m */ = {isa = PBXFileReference; lastKnownFileType = sourcecode.c.objc; path = ModelController.m; sourceTree = "<group>"; };
		B8771B081C0976200051DE9D /* Base */ = {isa = PBXFileReference; lastKnownFileType = file.storyboard; name = Base; path = Base.lproj/Main.storyboard; sourceTree = "<group>"; };
		B8771B0A1C0976200051DE9D /* Assets.xcassets */ = {isa = PBXFileReference; lastKnownFileType = folder.assetcatalog; path = Assets.xcassets; sourceTree = "<group>"; };
		B8771B0D1C0976200051DE9D /* Base */ = {isa = PBXFileReference; lastKnownFileType = file.storyboard; name = Base; path = Base.lproj/LaunchScreen.storyboard; sourceTree = "<group>"; };
		B8771B0F1C0976200051DE9D /* Info.plist */ = {isa = PBXFileReference; lastKnownFileType = text.plist.xml; path = Info.plist; sourceTree = "<group>"; };
/* End PBXFileReference section */

/* Begin PBXFrameworksBuildPhase section */
		B8771AF21C0976200051DE9D /* Frameworks */ = {
			isa = PBXFrameworksBuildPhase;
			buildActionMask = 2147483647;
			files = (
			);
			runOnlyForDeploymentPostprocessing = 0;
		};
/* End PBXFrameworksBuildPhase section */

/* Begin PBXGroup section */
		B8771AEC1C09761F0051DE9D = {
			isa = PBXGroup;
			children = (
				B8771AF71C0976200051DE9D /* Headmaster */,
				B8771AF61C0976200051DE9D /* Products */,
			);
			sourceTree = "<group>";
		};
		B8771AF61C0976200051DE9D /* Products */ = {
			isa = PBXGroup;
			children = (
				B8771AF51C0976200051DE9D /* Headmaster.app */,
			);
			name = Products;
			sourceTree = "<group>";
		};
		B8771AF71C0976200051DE9D /* Headmaster */ = {
			isa = PBXGroup;
			children = (
				B8771AFB1C0976200051DE9D /* AppDelegate.h */,
				B8771AFC1C0976200051DE9D /* AppDelegate.m */,
				B8771AFE1C0976200051DE9D /* RootViewController.h */,
				B8771AFF1C0976200051DE9D /* RootViewController.m */,
				B8771B011C0976200051DE9D /* DataViewController.h */,
				B8771B021C0976200051DE9D /* DataViewController.m */,
				B8771B041C0976200051DE9D /* ModelController.h */,
				B8771B051C0976200051DE9D /* ModelController.m */,
				B8771B071C0976200051DE9D /* Main.storyboard */,
				B8771B0A1C0976200051DE9D /* Assets.xcassets */,
				B8771B0C1C0976200051DE9D /* LaunchScreen.storyboard */,
				B8771B0F1C0976200051DE9D /* Info.plist */,
				B8771AF81C0976200051DE9D /* Supporting Files */,
			);
			path = Headmaster;
			sourceTree = "<group>";
		};
		B8771AF81C0976200051DE9D /* Supporting Files */ = {
			isa = PBXGroup;
			children = (
				B8771AF91C0976200051DE9D /* main.m */,
			);
			name = "Supporting Files";
			sourceTree = "<group>";
		};
/* End PBXGroup section */

/* Begin PBXNativeTarget section */
		B8771AF41C0976200051DE9D /* Headmaster */ = {
			isa = PBXNativeTarget;
			buildConfigurationList = B8771B121C0976200051DE9D /* Build configuration list for PBXNativeTarget "Headmaster" */;
			buildPhases = (
				B8771AF11C0976200051DE9D /* Sources */,
				B8771AF21C0976200051DE9D /* Frameworks */,
				B8771AF31C0976200051DE9D /* Resources */,
			);
			buildRules = (
			);
			dependencies = (
			);
			name = Headmaster;
			productName = Headmaster;
			productReference = B8771AF51C0976200051DE9D /* Headmaster.app */;
			productType = "com.apple.product-type.application";
		};
/* End PBXNativeTarget section */

/* Begin PBXProject section */
		B8771AED1C09761F0051DE9D /* Project object */ = {
			isa = PBXProject;
			attributes = {
				LastUpgradeCheck = 0710;
				ORGANIZATIONNAME = ke;
				TargetAttributes = {
					B8771AF41C0976200051DE9D = {
						CreatedOnToolsVersion = 7.1.1;
					};
				};
			};
			buildConfigurationList = B8771AF01C09761F0051DE9D /* Build configuration list for PBXProject "Headmaster" */;
			compatibilityVersion = "Xcode 3.2";
			developmentRegion = English;
			hasScannedForEncodings = 0;
			knownRegions = (
				en,
				Base,
			);
			mainGroup = B8771AEC1C09761F0051DE9D;
			productRefGroup = B8771AF61C0976200051DE9D /* Products */;
			projectDirPath = "";
			projectRoot = "";
			targets = (
				B8771AF41C0976200051DE9D /* Headmaster */,
			);
		};
/* End PBXProject section */

/* Begin PBXResourcesBuildPhase section */
		B8771AF31C0976200051DE9D /* Resources */ = {
			isa = PBXResourcesBuildPhase;
			buildActionMask = 2147483647;
			files = (
				B8771B0E1C0976200051DE9D /* LaunchScreen.storyboard in Resources */,
				B8771B0B1C0976200051DE9D /* Assets.xcassets in Resources */,
				B8771B091C0976200051DE9D /* Main.storyboard in Resources */,
			);
			runOnlyForDeploymentPostprocessing = 0;
		};
/* End PBXResourcesBuildPhase section */

/* Begin PBXSourcesBuildPhase section */
		B8771AF11C0976200051DE9D /* Sources */ = {
			isa = PBXSourcesBuildPhase;
			buildActionMask = 2147483647;
			files = (
				B8771B031C0976200051DE9D /* DataViewController.m in Sources */,
				B8771AFD1C0976200051DE9D /* AppDelegate.m in Sources */,
				B8771B061C0976200051DE9D /* ModelController.m in Sources */,
				B8771AFA1C0976200051DE9D /* main.m in Sources */,
				B8771B001C0976200051DE9D /* RootViewController.m in Sources */,
			);
			runOnlyForDeploymentPostprocessing = 0;
		};
/* End PBXSourcesBuildPhase section */

/* Begin PBXVariantGroup section */
		B8771B071C0976200051DE9D /* Main.storyboard */ = {
			isa = PBXVariantGroup;
			children = (
				B8771B081C0976200051DE9D /* Base */,
			);
			name = Main.storyboard;
			sourceTree = "<group>";
		};
		B8771B0C1C0976200051DE9D /* LaunchScreen.storyboard */ = {
			isa = PBXVariantGroup;
			children = (
				B8771B0D1C0976200051DE9D /* Base */,
			);
			name = LaunchScreen.storyboard;
			sourceTree = "<group>";
		};
/* End PBXVariantGroup section */

/* Begin XCBuildConfiguration section */
		B8771B101C0976200051DE9D /* Debug */ = {
			isa = XCBuildConfiguration;
			buildSettings = {
				ALWAYS_SEARCH_USER_PATHS = NO;
				CLANG_CXX_LANGUAGE_STANDARD = "gnu++0x";
				CLANG_CXX_LIBRARY = "libc++";
				CLANG_ENABLE_MODULES = YES;
				CLANG_ENABLE_OBJC_ARC = YES;
				CLANG_WARN_BOOL_CONVERSION = YES;
				CLANG_WARN_CONSTANT_CONVERSION = YES;
				CLANG_WARN_DIRECT_OBJC_ISA_USAGE = YES_ERROR;
				CLANG_WARN_EMPTY_BODY = YES;
				CLANG_WARN_ENUM_CONVERSION = YES;
				CLANG_WARN_INT_CONVERSION = YES;
				CLANG_WARN_OBJC_ROOT_CLASS = YES_ERROR;
				CLANG_WARN_UNREACHABLE_CODE = YES;
				CLANG_WARN__DUPLICATE_METHOD_MATCH = YES;
				"CODE_SIGN_IDENTITY[sdk=iphoneos*]" = "iPhone Developer";
				COPY_PHASE_STRIP = NO;
				DEBUG_INFORMATION_FORMAT = dwarf;
				ENABLE_STRICT_OBJC_MSGSEND = YES;
				ENABLE_TESTABILITY = YES;
				GCC_C_LANGUAGE_STANDARD = gnu99;
				GCC_DYNAMIC_NO_PIC = NO;
				GCC_NO_COMMON_BLOCKS = YES;
				GCC_OPTIMIZATION_LEVEL = 0;
				GCC_PREPROCESSOR_DEFINITIONS = (
					"DEBUG=1",
					"$(inherited)",
				);
				GCC_WARN_64_TO_32_BIT_CONVERSION = YES;
				GCC_WARN_ABOUT_RETURN_TYPE = YES_ERROR;
				GCC_WARN_UNDECLARED_SELECTOR = YES;
				GCC_WARN_UNINITIALIZED_AUTOS = YES_AGGRESSIVE;
				GCC_WARN_UNUSED_FUNCTION = YES;
				GCC_WARN_UNUSED_VARIABLE = YES;
				IPHONEOS_DEPLOYMENT_TARGET = 9.1;
				MTL_ENABLE_DEBUG_INFO = YES;
				ONLY_ACTIVE_ARCH = YES;
				SDKROOT = iphoneos;
			};
			name = Debug;
		};
		B8771B111C0976200051DE9D /* Release */ = {
			isa = XCBuildConfiguration;
			buildSettings = {
				ALWAYS_SEARCH_USER_PATHS = NO;
				CLANG_CXX_LANGUAGE_STANDARD = "gnu++0x";
				CLANG_CXX_LIBRARY = "libc++";
				CLANG_ENABLE_MODULES = YES;
				CLANG_ENABLE_OBJC_ARC = YES;
				CLANG_WARN_BOOL_CONVERSION = YES;
				CLANG_WARN_CONSTANT_CONVERSION = YES;
				CLANG_WARN_DIRECT_OBJC_ISA_USAGE = YES_ERROR;
				CLANG_WARN_EMPTY_BODY = YES;
				CLANG_WARN_ENUM_CONVERSION = YES;
				CLANG_WARN_INT_CONVERSION = YES;
				CLANG_WARN_OBJC_ROOT_CLASS = YES_ERROR;
				CLANG_WARN_UNREACHABLE_CODE = YES;
				CLANG_WARN__DUPLICATE_METHOD_MATCH = YES;
				"CODE_SIGN_IDENTITY[sdk=iphoneos*]" = "iPhone Developer";
				COPY_PHASE_STRIP = NO;
				DEBUG_INFORMATION_FORMAT = "dwarf-with-dsym";
				ENABLE_NS_ASSERTIONS = NO;
				ENABLE_STRICT_OBJC_MSGSEND = YES;
				GCC_C_LANGUAGE_STANDARD = gnu99;
				GCC_NO_COMMON_BLOCKS = YES;
				GCC_WARN_64_TO_32_BIT_CONVERSION = YES;
				GCC_WARN_ABOUT_RETURN_TYPE = YES_ERROR;
				GCC_WARN_UNDECLARED_SELECTOR = YES;
				GCC_WARN_UNINITIALIZED_AUTOS = YES_AGGRESSIVE;
				GCC_WARN_UNUSED_FUNCTION = YES;
				GCC_WARN_UNUSED_VARIABLE = YES;
				IPHONEOS_DEPLOYMENT_TARGET = 9.1;
				MTL_ENABLE_DEBUG_INFO = NO;
				SDKROOT = iphoneos;
				VALIDATE_PRODUCT = YES;
			};
			name = Release;
		};
		B8771B131C0976200051DE9D /* Debug */ = {
			isa = XCBuildConfiguration;
			buildSettings = {
				ASSETCATALOG_COMPILER_APPICON_NAME = AppIcon;
				INFOPLIST_FILE = Headmaster/Info.plist;
				LD_RUNPATH_SEARCH_PATHS = "$(inherited) @executable_path/Frameworks";
				PRODUCT_BUNDLE_IDENTIFIER = com.yibukeji.Headmaster;
				PRODUCT_NAME = "$(TARGET_NAME)";
			};
			name = Debug;
		};
		B8771B141C0976200051DE9D /* Release */ = {
			isa = XCBuildConfiguration;
			buildSettings = {
				ASSETCATALOG_COMPILER_APPICON_NAME = AppIcon;
				INFOPLIST_FILE = Headmaster/Info.plist;
				LD_RUNPATH_SEARCH_PATHS = "$(inherited) @executable_path/Frameworks";
				PRODUCT_BUNDLE_IDENTIFIER = com.yibukeji.Headmaster;
				PRODUCT_NAME = "$(TARGET_NAME)";
			};
			name = Release;
		};
/* End XCBuildConfiguration section */

/* Begin XCConfigurationList section */
		B8771AF01C09761F0051DE9D /* Build configuration list for PBXProject "Headmaster" */ = {
			isa = XCConfigurationList;
			buildConfigurations = (
				B8771B101C0976200051DE9D /* Debug */,
				B8771B111C0976200051DE9D /* Release */,
			);
			defaultConfigurationIsVisible = 0;
			defaultConfigurationName = Release;
		};
		B8771B121C0976200051DE9D /* Build configuration list for PBXNativeTarget "Headmaster" */ = {
			isa = XCConfigurationList;
			buildConfigurations = (
				B8771B131C0976200051DE9D /* Debug */,
				B8771B141C0976200051DE9D /* Release */,
			);
			defaultConfigurationIsVisible = 0;
		};
/* End XCConfigurationList section */
	};
	rootObject = B8771AED1C09761F0051DE9D /* Project object */;
}
